
Microsoft Visual Studio Solution File, Format Version 12.00
# Visual Studio Version 17
VisualStudioVersion = 17.3.32819.101
MinimumVisualStudioVersion = 10.0.40219.1
Project("{FAE04EC0-301F-11D3-BF4B-00C04F79EFBC}") = "SearchActivity", "SearchActivity\SearchActivity.csproj", "{C5B296AD-C96C-4532-9F6D-CEB12F06352F}"
EndProject
Global
	GlobalSection(SolutionConfigurationPlatforms) = preSolution
		Debug|Any CPU = Debug|Any CPU
		Release|Any CPU = Release|Any CPU
	EndGlobalSection
	GlobalSection(ProjectConfigurationPlatforms) = postSolution
		{C5B296AD-C96C-4532-9F6D-CEB12F06352F}.Debug|Any CPU.ActiveCfg = Debug|Any CPU
		{C5B296AD-C96C-4532-9F6D-CEB12F06352F}.Debug|Any CPU.Build.0 = Debug|Any CPU
		{C5B296AD-C96C-4532-9F6D-CEB12F06352F}.Release|Any CPU.ActiveCfg = Release|Any CPU
		{C5B296AD-C96C-4532-9F6D-CEB12F06352F}.Release|Any CPU.Build.0 = Release|Any CPU
	EndGlobalSection
	GlobalSection(SolutionProperties) = preSolution
		HideSolutionNode = FALSE
	EndGlobalSection
	GlobalSection(ExtensibilityGlobals) = postSolution
		SolutionGuid = {EAFB0E8A-E9BC-49BF-A9E2-3D87999D006B}
	EndGlobalSection
EndGlobal
